
Microsoft Visual Studio Solution File, Format Version 12.00
# Visual Studio Version 16
VisualStudioVersion = 16.0.32630.194
MinimumVisualStudioVersion = 10.0.40219.1
Project("{FAE04EC0-301F-11D3-BF4B-00C04F79EFBC}") = "CLR_test", "CLR_test\CLR_test.csproj", "{702348A5-DE01-4410-A77D-9ED2373FB420}"
EndProject
Global
	GlobalSection(SolutionConfigurationPlatforms) = preSolution
		Debug|Any CPU = Debug|Any CPU
		Release|Any CPU = Release|Any CPU
	EndGlobalSection
	GlobalSection(ProjectConfigurationPlatforms) = postSolution
		{702348A5-DE01-4410-A77D-9ED2373FB420}.Debug|Any CPU.ActiveCfg = Debug|Any CPU
		{702348A5-DE01-4410-A77D-9ED2373FB420}.Debug|Any CPU.Build.0 = Debug|Any CPU
		{702348A5-DE01-4410-A77D-9ED2373FB420}.Release|Any CPU.ActiveCfg = Release|Any CPU
		{702348A5-DE01-4410-A77D-9ED2373FB420}.Release|Any CPU.Build.0 = Release|Any CPU
	EndGlobalSection
	GlobalSection(SolutionProperties) = preSolution
		HideSolutionNode = FALSE
	EndGlobalSection
	GlobalSection(ExtensibilityGlobals) = postSolution
		SolutionGuid = {E0570435-D80E-4502-9714-8E3F48A77A38}
	EndGlobalSection
EndGlobal
